
Microsoft Visual Studio Solution File, Format Version 12.00
Project("{FAE04EC0-301F-11D3-BF4B-00C04F79EFBC}") = "CoinMon", "CoinMon.csproj", "{2680527E-39BC-4B0B-91CF-27FDBA4FD765}"
EndProject
Global
	GlobalSection(SolutionConfigurationPlatforms) = preSolution
		Debug|Any CPU = Debug|Any CPU
		Release|Any CPU = Release|Any CPU
	EndGlobalSection
	GlobalSection(ProjectConfigurationPlatforms) = postSolution
		{2680527E-39BC-4B0B-91CF-27FDBA4FD765}.Debug|Any CPU.ActiveCfg = Debug|Any CPU
		{2680527E-39BC-4B0B-91CF-27FDBA4FD765}.Debug|Any CPU.Build.0 = Debug|Any CPU
		{2680527E-39BC-4B0B-91CF-27FDBA4FD765}.Release|Any CPU.ActiveCfg = Release|Any CPU
		{2680527E-39BC-4B0B-91CF-27FDBA4FD765}.Release|Any CPU.Build.0 = Release|Any CPU
	EndGlobalSection
EndGlobal
